
Microsoft Visual Studio Solution File, Format Version 12.00
# Visual Studio Version 17
VisualStudioVersion = 17.5.33414.496
MinimumVisualStudioVersion = 10.0.40219.1
Project("{9A19103F-16F7-4668-BE54-9A1E7A4F7556}") = "AccountApp.API", "AccountApp.API.csproj", "{DC73152B-6684-4800-A125-EBD1709C83A1}"
EndProject
Project("{9A19103F-16F7-4668-BE54-9A1E7A4F7556}") = "AccountApp.DAL", "..\DAL\AccountApp.DAL.csproj", "{62F9FAD5-826D-4F45-8848-D241CC7D9AEF}"
EndProject
Project("{9A19103F-16F7-4668-BE54-9A1E7A4F7556}") = "AccountApp.Domain", "..\AccountService.Domain\AccountApp.Domain.csproj", "{DE08139E-F70B-451D-9FEF-11947A919C40}"
EndProject
Project("{9A19103F-16F7-4668-BE54-9A1E7A4F7556}") = "AccountApp.Services", "..\AccountApp.Services\AccountApp.Services.csproj", "{CD15E561-8898-4B1F-AA2A-FF0DA969CAE6}"
EndProject
Global
	GlobalSection(SolutionConfigurationPlatforms) = preSolution
		Debug|Any CPU = Debug|Any CPU
		Release|Any CPU = Release|Any CPU
	EndGlobalSection
	GlobalSection(ProjectConfigurationPlatforms) = postSolution
		{DC73152B-6684-4800-A125-EBD1709C83A1}.Debug|Any CPU.ActiveCfg = Debug|Any CPU
		{DC73152B-6684-4800-A125-EBD1709C83A1}.Debug|Any CPU.Build.0 = Debug|Any CPU
		{DC73152B-6684-4800-A125-EBD1709C83A1}.Release|Any CPU.ActiveCfg = Release|Any CPU
		{DC73152B-6684-4800-A125-EBD1709C83A1}.Release|Any CPU.Build.0 = Release|Any CPU
		{62F9FAD5-826D-4F45-8848-D241CC7D9AEF}.Debug|Any CPU.ActiveCfg = Debug|Any CPU
		{62F9FAD5-826D-4F45-8848-D241CC7D9AEF}.Debug|Any CPU.Build.0 = Debug|Any CPU
		{62F9FAD5-826D-4F45-8848-D241CC7D9AEF}.Release|Any CPU.ActiveCfg = Release|Any CPU
		{62F9FAD5-826D-4F45-8848-D241CC7D9AEF}.Release|Any CPU.Build.0 = Release|Any CPU
		{DE08139E-F70B-451D-9FEF-11947A919C40}.Debug|Any CPU.ActiveCfg = Debug|Any CPU
		{DE08139E-F70B-451D-9FEF-11947A919C40}.Debug|Any CPU.Build.0 = Debug|Any CPU
		{DE08139E-F70B-451D-9FEF-11947A919C40}.Release|Any CPU.ActiveCfg = Release|Any CPU
		{DE08139E-F70B-451D-9FEF-11947A919C40}.Release|Any CPU.Build.0 = Release|Any CPU
		{CD15E561-8898-4B1F-AA2A-FF0DA969CAE6}.Debug|Any CPU.ActiveCfg = Debug|Any CPU
		{CD15E561-8898-4B1F-AA2A-FF0DA969CAE6}.Debug|Any CPU.Build.0 = Debug|Any CPU
		{CD15E561-8898-4B1F-AA2A-FF0DA969CAE6}.Release|Any CPU.ActiveCfg = Release|Any CPU
		{CD15E561-8898-4B1F-AA2A-FF0DA969CAE6}.Release|Any CPU.Build.0 = Release|Any CPU
	EndGlobalSection
	GlobalSection(SolutionProperties) = preSolution
		HideSolutionNode = FALSE
	EndGlobalSection
	GlobalSection(ExtensibilityGlobals) = postSolution
		SolutionGuid = {00A3D994-A3F7-46EB-A22E-302BAB2E5867}
	EndGlobalSection
EndGlobal
